// !$*UTF8*$!
{
	archiveVersion = 1;
	classes = {
	};
	objectVersion = 50;
	objects = {

/* Begin PBXBuildFile section */
		027A334520DBFE0FE966A222 /* libPods-ZPImageresizerViewUITests.a in Frameworks */ = {isa = PBXBuildFile; fileRef = 01F6A7A506FA2E0F8B268D38 /* libPods-ZPImageresizerViewUITests.a */; };
		19DF4CAE81C42A40CF79EC2D /* libPods-ZPImageresizerViewTests.a in Frameworks */ = {isa = PBXBuildFile; fileRef = 3BE354F0E19EC49521DD97AB /* libPods-ZPImageresizerViewTests.a */; };
		79A0E31FD9AD24E323AA6BF7 /* libPods-ZPImageresizerView.a in Frameworks */ = {isa = PBXBuildFile; fileRef = 2781C5CEA63B158E8770BBFD /* libPods-ZPImageresizerView.a */; };
		D0851FE92227E0F700D56AD4 /* AppDelegate.m in Sources */ = {isa = PBXBuildFile; fileRef = D0851FE82227E0F700D56AD4 /* AppDelegate.m */; };
		D0851FEC2227E0F700D56AD4 /* ViewController.m in Sources */ = {isa = PBXBuildFile; fileRef = D0851FEB2227E0F700D56AD4 /* ViewController.m */; };
		D0851FEF2227E0F700D56AD4 /* Main.storyboard in Resources */ = {isa = PBXBuildFile; fileRef = D0851FED2227E0F700D56AD4 /* Main.storyboard */; };
		D0851FF12227E0F800D56AD4 /* Assets.xcassets in Resources */ = {isa = PBXBuildFile; fileRef = D0851FF02227E0F800D56AD4 /* Assets.xcassets */; };
		D0851FF42227E0F800D56AD4 /* LaunchScreen.storyboard in Resources */ = {isa = PBXBuildFile; fileRef = D0851FF22227E0F800D56AD4 /* LaunchScreen.storyboard */; };
		D0851FF72227E0F800D56AD4 /* main.m in Sources */ = {isa = PBXBuildFile; fileRef = D0851FF62227E0F800D56AD4 /* main.m */; };
		D08520012227E0F800D56AD4 /* ZPImageresizerViewTests.m in Sources */ = {isa = PBXBuildFile; fileRef = D08520002227E0F800D56AD4 /* ZPImageresizerViewTests.m */; };
		D085200C2227E0F800D56AD4 /* ZPImageresizerViewUITests.m in Sources */ = {isa = PBXBuildFile; fileRef = D085200B2227E0F800D56AD4 /* ZPImageresizerViewUITests.m */; };
		D08520232227E35C00D56AD4 /* ZPImageresizerConfigure.m in Sources */ = {isa = PBXBuildFile; fileRef = D085201A2227E35C00D56AD4 /* ZPImageresizerConfigure.m */; };
		D08520242227E35C00D56AD4 /* UIImage+ZPExtension.m in Sources */ = {isa = PBXBuildFile; fileRef = D085201C2227E35C00D56AD4 /* UIImage+ZPExtension.m */; };
		D08520252227E35C00D56AD4 /* ZPImageresizerView.m in Sources */ = {isa = PBXBuildFile; fileRef = D08520212227E35C00D56AD4 /* ZPImageresizerView.m */; };
		D08520262227E35C00D56AD4 /* ZPImageresizerFrameView.m in Sources */ = {isa = PBXBuildFile; fileRef = D08520222227E35C00D56AD4 /* ZPImageresizerFrameView.m */; };
/* End PBXBuildFile section */

/* Begin PBXContainerItemProxy section */
		D0851FFD2227E0F800D56AD4 /* PBXContainerItemProxy */ = {
			isa = PBXContainerItemProxy;
			containerPortal = D0851FDC2227E0F700D56AD4 /* Project object */;
			proxyType = 1;
			remoteGlobalIDString = D0851FE32227E0F700D56AD4;
			remoteInfo = ZPImageresizerView;
		};
		D08520082227E0F800D56AD4 /* PBXContainerItemProxy */ = {
			isa = PBXContainerItemProxy;
			containerPortal = D0851FDC2227E0F700D56AD4 /* Project object */;
			proxyType = 1;
			remoteGlobalIDString = D0851FE32227E0F700D56AD4;
			remoteInfo = ZPImageresizerView;
		};
/* End PBXContainerItemProxy section */

/* Begin PBXFileReference section */
		01F6A7A506FA2E0F8B268D38 /* libPods-ZPImageresizerViewUITests.a */ = {isa = PBXFileReference; explicitFileType = archive.ar; includeInIndex = 0; path = "libPods-ZPImageresizerViewUITests.a"; sourceTree = BUILT_PRODUCTS_DIR; };
		2781C5CEA63B158E8770BBFD /* libPods-ZPImageresizerView.a */ = {isa = PBXFileReference; explicitFileType = archive.ar; includeInIndex = 0; path = "libPods-ZPImageresizerView.a"; sourceTree = BUILT_PRODUCTS_DIR; };
		3BE354F0E19EC49521DD97AB /* libPods-ZPImageresizerViewTests.a */ = {isa = PBXFileReference; explicitFileType = archive.ar; includeInIndex = 0; path = "libPods-ZPImageresizerViewTests.a"; sourceTree = BUILT_PRODUCTS_DIR; };
		5BBB8620CD362BB659217D03 /* Pods-ZPImageresizerViewUITests.release.xcconfig */ = {isa = PBXFileReference; includeInIndex = 1; lastKnownFileType = text.xcconfig; name = "Pods-ZPImageresizerViewUITests.release.xcconfig"; path = "Pods/Target Support Files/Pods-ZPImageresizerViewUITests/Pods-ZPImageresizerViewUITests.release.xcconfig"; sourceTree = "<group>"; };
		7BB287DF5D61BE5669ABB8F8 /* Pods-ZPImageresizerViewUITests.debug.xcconfig */ = {isa = PBXFileReference; includeInIndex = 1; lastKnownFileType = text.xcconfig; name = "Pods-ZPImageresizerViewUITests.debug.xcconfig"; path = "Pods/Target Support Files/Pods-ZPImageresizerViewUITests/Pods-ZPImageresizerViewUITests.debug.xcconfig"; sourceTree = "<group>"; };
		8D5A807678AB6A1A5D2AD232 /* Pods-ZPImageresizerView.release.xcconfig */ = {isa = PBXFileReference; includeInIndex = 1; lastKnownFileType = text.xcconfig; name = "Pods-ZPImageresizerView.release.xcconfig"; path = "Pods/Target Support Files/Pods-ZPImageresizerView/Pods-ZPImageresizerView.release.xcconfig"; sourceTree = "<group>"; };
		B13328197A1DE2BC36C82278 /* Pods-ZPImageresizerView.debug.xcconfig */ = {isa = PBXFileReference; includeInIndex = 1; lastKnownFileType = text.xcconfig; name = "Pods-ZPImageresizerView.debug.xcconfig"; path = "Pods/Target Support Files/Pods-ZPImageresizerView/Pods-ZPImageresizerView.debug.xcconfig"; sourceTree = "<group>"; };
		BDEB37972C5092C745745D8B /* Pods-ZPImageresizerViewTests.release.xcconfig */ = {isa = PBXFileReference; includeInIndex = 1; lastKnownFileType = text.xcconfig; name = "Pods-ZPImageresizerViewTests.release.xcconfig"; path = "Pods/Target Support Files/Pods-ZPImageresizerViewTests/Pods-ZPImageresizerViewTests.release.xcconfig"; sourceTree = "<group>"; };
		CA4E452FC946E8A015D38EC7 /* Pods-ZPImageresizerViewTests.debug.xcconfig */ = {isa = PBXFileReference; includeInIndex = 1; lastKnownFileType = text.xcconfig; name = "Pods-ZPImageresizerViewTests.debug.xcconfig"; path = "Pods/Target Support Files/Pods-ZPImageresizerViewTests/Pods-ZPImageresizerViewTests.debug.xcconfig"; sourceTree = "<group>"; };
		D0851FE42227E0F700D56AD4 /* ZPImageresizerView.app */ = {isa = PBXFileReference; explicitFileType = wrapper.application; includeInIndex = 0; path = ZPImageresizerView.app; sourceTree = BUILT_PRODUCTS_DIR; };
		D0851FE72227E0F700D56AD4 /* AppDelegate.h */ = {isa = PBXFileReference; lastKnownFileType = sourcecode.c.h; path = AppDelegate.h; sourceTree = "<group>"; };
		D0851FE82227E0F700D56AD4 /* AppDelegate.m */ = {isa = PBXFileReference; lastKnownFileType = sourcecode.c.objc; path = AppDelegate.m; sourceTree = "<group>"; };
		D0851FEA2227E0F700D56AD4 /* ViewController.h */ = {isa = PBXFileReference; lastKnownFileType = sourcecode.c.h; path = ViewController.h; sourceTree = "<group>"; };
		D0851FEB2227E0F700D56AD4 /* ViewController.m */ = {isa = PBXFileReference; lastKnownFileType = sourcecode.c.objc; path = ViewController.m; sourceTree = "<group>"; };
		D0851FEE2227E0F700D56AD4 /* Base */ = {isa = PBXFileReference; lastKnownFileType = file.storyboard; name = Base; path = Base.lproj/Main.storyboard; sourceTree = "<group>"; };
		D0851FF02227E0F800D56AD4 /* Assets.xcassets */ = {isa = PBXFileReference; lastKnownFileType = folder.assetcatalog; path = Assets.xcassets; sourceTree = "<group>"; };
		D0851FF32227E0F800D56AD4 /* Base */ = {isa = PBXFileReference; lastKnownFileType = file.storyboard; name = Base; path = Base.lproj/LaunchScreen.storyboard; sourceTree = "<group>"; };
		D0851FF52227E0F800D56AD4 /* Info.plist */ = {isa = PBXFileReference; lastKnownFileType = text.plist.xml; path = Info.plist; sourceTree = "<group>"; };
		D0851FF62227E0F800D56AD4 /* main.m */ = {isa = PBXFileReference; lastKnownFileType = sourcecode.c.objc; path = main.m; sourceTree = "<group>"; };
		D0851FFC2227E0F800D56AD4 /* ZPImageresizerViewTests.xctest */ = {isa = PBXFileReference; explicitFileType = wrapper.cfbundle; includeInIndex = 0; path = ZPImageresizerViewTests.xctest; sourceTree = BUILT_PRODUCTS_DIR; };
		D08520002227E0F800D56AD4 /* ZPImageresizerViewTests.m */ = {isa = PBXFileReference; lastKnownFileType = sourcecode.c.objc; path = ZPImageresizerViewTests.m; sourceTree = "<group>"; };
		D08520022227E0F800D56AD4 /* Info.plist */ = {isa = PBXFileReference; lastKnownFileType = text.plist.xml; path = Info.plist; sourceTree = "<group>"; };
		D08520072227E0F800D56AD4 /* ZPImageresizerViewUITests.xctest */ = {isa = PBXFileReference; explicitFileType = wrapper.cfbundle; includeInIndex = 0; path = ZPImageresizerViewUITests.xctest; sourceTree = BUILT_PRODUCTS_DIR; };
		D085200B2227E0F800D56AD4 /* ZPImageresizerViewUITests.m */ = {isa = PBXFileReference; lastKnownFileType = sourcecode.c.objc; path = ZPImageresizerViewUITests.m; sourceTree = "<group>"; };
		D085200D2227E0F800D56AD4 /* Info.plist */ = {isa = PBXFileReference; lastKnownFileType = text.plist.xml; path = Info.plist; sourceTree = "<group>"; };
		D085201A2227E35C00D56AD4 /* ZPImageresizerConfigure.m */ = {isa = PBXFileReference; fileEncoding = 4; lastKnownFileType = sourcecode.c.objc; path = ZPImageresizerConfigure.m; sourceTree = "<group>"; };
		D085201B2227E35C00D56AD4 /* ZPImageresizerTypedef.h */ = {isa = PBXFileReference; fileEncoding = 4; lastKnownFileType = sourcecode.c.h; path = ZPImageresizerTypedef.h; sourceTree = "<group>"; };
		D085201C2227E35C00D56AD4 /* UIImage+ZPExtension.m */ = {isa = PBXFileReference; fileEncoding = 4; lastKnownFileType = sourcecode.c.objc; path = "UIImage+ZPExtension.m"; sourceTree = "<group>"; };
		D085201D2227E35C00D56AD4 /* ZPImageresizerView.h */ = {isa = PBXFileReference; fileEncoding = 4; lastKnownFileType = sourcecode.c.h; path = ZPImageresizerView.h; sourceTree = "<group>"; };
		D085201E2227E35C00D56AD4 /* ZPImageresizerFrameView.h */ = {isa = PBXFileReference; fileEncoding = 4; lastKnownFileType = sourcecode.c.h; path = ZPImageresizerFrameView.h; sourceTree = "<group>"; };
		D085201F2227E35C00D56AD4 /* UIImage+ZPExtension.h */ = {isa = PBXFileReference; fileEncoding = 4; lastKnownFileType = sourcecode.c.h; path = "UIImage+ZPExtension.h"; sourceTree = "<group>"; };
		D08520202227E35C00D56AD4 /* ZPImageresizerConfigure.h */ = {isa = PBXFileReference; fileEncoding = 4; lastKnownFileType = sourcecode.c.h; path = ZPImageresizerConfigure.h; sourceTree = "<group>"; };
		D08520212227E35C00D56AD4 /* ZPImageresizerView.m */ = {isa = PBXFileReference; fileEncoding = 4; lastKnownFileType = sourcecode.c.objc; path = ZPImageresizerView.m; sourceTree = "<group>"; };
		D08520222227E35C00D56AD4 /* ZPImageresizerFrameView.m */ = {isa = PBXFileReference; fileEncoding = 4; lastKnownFileType = sourcecode.c.objc; path = ZPImageresizerFrameView.m; sourceTree = "<group>"; };
/* End PBXFileReference section */

/* Begin PBXFrameworksBuildPhase section */
		D0851FE12227E0F700D56AD4 /* Frameworks */ = {
			isa = PBXFrameworksBuildPhase;
			buildActionMask = 2147483647;
			files = (
				79A0E31FD9AD24E323AA6BF7 /* libPods-ZPImageresizerView.a in Frameworks */,
			);
			runOnlyForDeploymentPostprocessing = 0;
		};
		D0851FF92227E0F800D56AD4 /* Frameworks */ = {
			isa = PBXFrameworksBuildPhase;
			buildActionMask = 2147483647;
			files = (
				19DF4CAE81C42A40CF79EC2D /* libPods-ZPImageresizerViewTests.a in Frameworks */,
			);
			runOnlyForDeploymentPostprocessing = 0;
		};
		D08520042227E0F800D56AD4 /* Frameworks */ = {
			isa = PBXFrameworksBuildPhase;
			buildActionMask = 2147483647;
			files = (
				027A334520DBFE0FE966A222 /* libPods-ZPImageresizerViewUITests.a in Frameworks */,
			);
			runOnlyForDeploymentPostprocessing = 0;
		};
/* End PBXFrameworksBuildPhase section */

/* Begin PBXGroup section */
		604F5976A5D0D773F544B1AF /* Pods */ = {
			isa = PBXGroup;
			children = (
				B13328197A1DE2BC36C82278 /* Pods-ZPImageresizerView.debug.xcconfig */,
				8D5A807678AB6A1A5D2AD232 /* Pods-ZPImageresizerView.release.xcconfig */,
				CA4E452FC946E8A015D38EC7 /* Pods-ZPImageresizerViewTests.debug.xcconfig */,
				BDEB37972C5092C745745D8B /* Pods-ZPImageresizerViewTests.release.xcconfig */,
				7BB287DF5D61BE5669ABB8F8 /* Pods-ZPImageresizerViewUITests.debug.xcconfig */,
				5BBB8620CD362BB659217D03 /* Pods-ZPImageresizerViewUITests.release.xcconfig */,
			);
			name = Pods;
			sourceTree = "<group>";
		};
		D0851FDB2227E0F700D56AD4 = {
			isa = PBXGroup;
			children = (
				D0851FE62227E0F700D56AD4 /* ZPImageresizerView */,
				D0851FFF2227E0F800D56AD4 /* ZPImageresizerViewTests */,
				D085200A2227E0F800D56AD4 /* ZPImageresizerViewUITests */,
				D0851FE52227E0F700D56AD4 /* Products */,
				604F5976A5D0D773F544B1AF /* Pods */,
				FACFBEC349D21EBDD80FB217 /* Frameworks */,
			);
			sourceTree = "<group>";
		};
		D0851FE52227E0F700D56AD4 /* Products */ = {
			isa = PBXGroup;
			children = (
				D0851FE42227E0F700D56AD4 /* ZPImageresizerView.app */,
				D0851FFC2227E0F800D56AD4 /* ZPImageresizerViewTests.xctest */,
				D08520072227E0F800D56AD4 /* ZPImageresizerViewUITests.xctest */,
			);
			name = Products;
			sourceTree = "<group>";
		};
		D0851FE62227E0F700D56AD4 /* ZPImageresizerView */ = {
			isa = PBXGroup;
			children = (
				D08520192227E35C00D56AD4 /* ZPImageresizerView */,
				D0851FE72227E0F700D56AD4 /* AppDelegate.h */,
				D0851FE82227E0F700D56AD4 /* AppDelegate.m */,
				D0851FEA2227E0F700D56AD4 /* ViewController.h */,
				D0851FEB2227E0F700D56AD4 /* ViewController.m */,
				D0851FED2227E0F700D56AD4 /* Main.storyboard */,
				D0851FF02227E0F800D56AD4 /* Assets.xcassets */,
				D0851FF22227E0F800D56AD4 /* LaunchScreen.storyboard */,
				D0851FF52227E0F800D56AD4 /* Info.plist */,
				D0851FF62227E0F800D56AD4 /* main.m */,
			);
			path = ZPImageresizerView;
			sourceTree = "<group>";
		};
		D0851FFF2227E0F800D56AD4 /* ZPImageresizerViewTests */ = {
			isa = PBXGroup;
			children = (
				D08520002227E0F800D56AD4 /* ZPImageresizerViewTests.m */,
				D08520022227E0F800D56AD4 /* Info.plist */,
			);
			path = ZPImageresizerViewTests;
			sourceTree = "<group>";
		};
		D085200A2227E0F800D56AD4 /* ZPImageresizerViewUITests */ = {
			isa = PBXGroup;
			children = (
				D085200B2227E0F800D56AD4 /* ZPImageresizerViewUITests.m */,
				D085200D2227E0F800D56AD4 /* Info.plist */,
			);
			path = ZPImageresizerViewUITests;
			sourceTree = "<group>";
		};
		D08520192227E35C00D56AD4 /* ZPImageresizerView */ = {
			isa = PBXGroup;
			children = (
				D085201A2227E35C00D56AD4 /* ZPImageresizerConfigure.m */,
				D085201B2227E35C00D56AD4 /* ZPImageresizerTypedef.h */,
				D085201C2227E35C00D56AD4 /* UIImage+ZPExtension.m */,
				D085201D2227E35C00D56AD4 /* ZPImageresizerView.h */,
				D085201E2227E35C00D56AD4 /* ZPImageresizerFrameView.h */,
				D085201F2227E35C00D56AD4 /* UIImage+ZPExtension.h */,
				D08520202227E35C00D56AD4 /* ZPImageresizerConfigure.h */,
				D08520212227E35C00D56AD4 /* ZPImageresizerView.m */,
				D08520222227E35C00D56AD4 /* ZPImageresizerFrameView.m */,
			);
			path = ZPImageresizerView;
			sourceTree = "<group>";
		};
		FACFBEC349D21EBDD80FB217 /* Frameworks */ = {
			isa = PBXGroup;
			children = (
				2781C5CEA63B158E8770BBFD /* libPods-ZPImageresizerView.a */,
				3BE354F0E19EC49521DD97AB /* libPods-ZPImageresizerViewTests.a */,
				01F6A7A506FA2E0F8B268D38 /* libPods-ZPImageresizerViewUITests.a */,
			);
			name = Frameworks;
			sourceTree = "<group>";
		};
/* End PBXGroup section */

/* Begin PBXNativeTarget section */
		D0851FE32227E0F700D56AD4 /* ZPImageresizerView */ = {
			isa = PBXNativeTarget;
			buildConfigurationList = D08520102227E0F800D56AD4 /* Build configuration list for PBXNativeTarget "ZPImageresizerView" */;
			buildPhases = (
				B4EFBA0F6F2196556545BFAF /* [CP] Check Pods Manifest.lock */,
				D0851FE02227E0F700D56AD4 /* Sources */,
				D0851FE12227E0F700D56AD4 /* Frameworks */,
				D0851FE22227E0F700D56AD4 /* Resources */,
				46D83B2BEEBC22387EF70EC0 /* [CP] Embed Pods Frameworks */,
				4A1C75A855C205CB488B38B3 /* [CP] Copy Pods Resources */,
			);
			buildRules = (
			);
			dependencies = (
			);
			name = ZPImageresizerView;
			productName = ZPImageresizerView;
			productReference = D0851FE42227E0F700D56AD4 /* ZPImageresizerView.app */;
			productType = "com.apple.product-type.application";
		};
		D0851FFB2227E0F800D56AD4 /* ZPImageresizerViewTests */ = {
			isa = PBXNativeTarget;
			buildConfigurationList = D08520132227E0F800D56AD4 /* Build configuration list for PBXNativeTarget "ZPImageresizerViewTests" */;
			buildPhases = (
				E622D5F086D402E6F25F96E9 /* [CP] Check Pods Manifest.lock */,
				D0851FF82227E0F800D56AD4 /* Sources */,
				D0851FF92227E0F800D56AD4 /* Frameworks */,
				D0851FFA2227E0F800D56AD4 /* Resources */,
				9D59AEA887610BF7A784B70F /* [CP] Embed Pods Frameworks */,
				7464541F341549C586C592DB /* [CP] Copy Pods Resources */,
			);
			buildRules = (
			);
			dependencies = (
				D0851FFE2227E0F800D56AD4 /* PBXTargetDependency */,
			);
			name = ZPImageresizerViewTests;
			productName = ZPImageresizerViewTests;
			productReference = D0851FFC2227E0F800D56AD4 /* ZPImageresizerViewTests.xctest */;
			productType = "com.apple.product-type.bundle.unit-test";
		};
		D08520062227E0F800D56AD4 /* ZPImageresizerViewUITests */ = {
			isa = PBXNativeTarget;
			buildConfigurationList = D08520162227E0F800D56AD4 /* Build configuration list for PBXNativeTarget "ZPImageresizerViewUITests" */;
			buildPhases = (
				B98C46AC34DD2AC1A1CE47D5 /* [CP] Check Pods Manifest.lock */,
				D08520032227E0F800D56AD4 /* Sources */,
				D08520042227E0F800D56AD4 /* Frameworks */,
				D08520052227E0F800D56AD4 /* Resources */,
				6175B2EF06ACE5E3BA99F8F1 /* [CP] Embed Pods Frameworks */,
				036273BD199C6D5B9BC1DAF7 /* [CP] Copy Pods Resources */,
			);
			buildRules = (
			);
			dependencies = (
				D08520092227E0F800D56AD4 /* PBXTargetDependency */,
			);
			name = ZPImageresizerViewUITests;
			productName = ZPImageresizerViewUITests;
			productReference = D08520072227E0F800D56AD4 /* ZPImageresizerViewUITests.xctest */;
			productType = "com.apple.product-type.bundle.ui-testing";
		};
/* End PBXNativeTarget section */

/* Begin PBXProject section */
		D0851FDC2227E0F700D56AD4 /* Project object */ = {
			isa = PBXProject;
			attributes = {
				LastUpgradeCheck = 1010;
				ORGANIZATIONNAME = Justin;
				TargetAttributes = {
					D0851FE32227E0F700D56AD4 = {
						CreatedOnToolsVersion = 10.1;
					};
					D0851FFB2227E0F800D56AD4 = {
						CreatedOnToolsVersion = 10.1;
						TestTargetID = D0851FE32227E0F700D56AD4;
					};
					D08520062227E0F800D56AD4 = {
						CreatedOnToolsVersion = 10.1;
						TestTargetID = D0851FE32227E0F700D56AD4;
					};
				};
			};
			buildConfigurationList = D0851FDF2227E0F700D56AD4 /* Build configuration list for PBXProject "ZPImageresizerView" */;
			compatibilityVersion = "Xcode 9.3";
			developmentRegion = en;
			hasScannedForEncodings = 0;
			knownRegions = (
				en,
				Base,
			);
			mainGroup = D0851FDB2227E0F700D56AD4;
			productRefGroup = D0851FE52227E0F700D56AD4 /* Products */;
			projectDirPath = "";
			projectRoot = "";
			targets = (
				D0851FE32227E0F700D56AD4 /* ZPImageresizerView */,
				D0851FFB2227E0F800D56AD4 /* ZPImageresizerViewTests */,
				D08520062227E0F800D56AD4 /* ZPImageresizerViewUITests */,
			);
		};
/* End PBXProject section */

/* Begin PBXResourcesBuildPhase section */
		D0851FE22227E0F700D56AD4 /* Resources */ = {
			isa = PBXResourcesBuildPhase;
			buildActionMask = 2147483647;
			files = (
				D0851FF42227E0F800D56AD4 /* LaunchScreen.storyboard in Resources */,
				D0851FF12227E0F800D56AD4 /* Assets.xcassets in Resources */,
				D0851FEF2227E0F700D56AD4 /* Main.storyboard in Resources */,
			);
			runOnlyForDeploymentPostprocessing = 0;
		};
		D0851FFA2227E0F800D56AD4 /* Resources */ = {
			isa = PBXResourcesBuildPhase;
			buildActionMask = 2147483647;
			files = (
			);
			runOnlyForDeploymentPostprocessing = 0;
		};
		D08520052227E0F800D56AD4 /* Resources */ = {
			isa = PBXResourcesBuildPhase;
			buildActionMask = 2147483647;
			files = (
			);
			runOnlyForDeploymentPostprocessing = 0;
		};
/* End PBXResourcesBuildPhase section */

/* Begin PBXShellScriptBuildPhase section */
		036273BD199C6D5B9BC1DAF7 /* [CP] Copy Pods Resources */ = {
			isa = PBXShellScriptBuildPhase;
			buildActionMask = 2147483647;
			files = (
			);
			inputPaths = (
			);
			name = "[CP] Copy Pods Resources";
			outputPaths = (
			);
			runOnlyForDeploymentPostprocessing = 0;
			shellPath = /bin/sh;
			shellScript = "\"${SRCROOT}/Pods/Target Support Files/Pods-ZPImageresizerViewUITests/Pods-ZPImageresizerViewUITests-resources.sh\"\n";
			showEnvVarsInLog = 0;
		};
		46D83B2BEEBC22387EF70EC0 /* [CP] Embed Pods Frameworks */ = {
			isa = PBXShellScriptBuildPhase;
			buildActionMask = 2147483647;
			files = (
			);
			inputPaths = (
			);
			name = "[CP] Embed Pods Frameworks";
			outputPaths = (
			);
			runOnlyForDeploymentPostprocessing = 0;
			shellPath = /bin/sh;
			shellScript = "\"${SRCROOT}/Pods/Target Support Files/Pods-ZPImageresizerView/Pods-ZPImageresizerView-frameworks.sh\"\n";
			showEnvVarsInLog = 0;
		};
		4A1C75A855C205CB488B38B3 /* [CP] Copy Pods Resources */ = {
			isa = PBXShellScriptBuildPhase;
			buildActionMask = 2147483647;
			files = (
			);
			inputPaths = (
			);
			name = "[CP] Copy Pods Resources";
			outputPaths = (
			);
			runOnlyForDeploymentPostprocessing = 0;
			shellPath = /bin/sh;
			shellScript = "\"${SRCROOT}/Pods/Target Support Files/Pods-ZPImageresizerView/Pods-ZPImageresizerView-resources.sh\"\n";
			showEnvVarsInLog = 0;
		};
		6175B2EF06ACE5E3BA99F8F1 /* [CP] Embed Pods Frameworks */ = {
			isa = PBXShellScriptBuildPhase;
			buildActionMask = 2147483647;
			files = (
			);
			inputPaths = (
			);
			name = "[CP] Embed Pods Frameworks";
			outputPaths = (
			);
			runOnlyForDeploymentPostprocessing = 0;
			shellPath = /bin/sh;
			shellScript = "\"${SRCROOT}/Pods/Target Support Files/Pods-ZPImageresizerViewUITests/Pods-ZPImageresizerViewUITests-frameworks.sh\"\n";
			showEnvVarsInLog = 0;
		};
		7464541F341549C586C592DB /* [CP] Copy Pods Resources */ = {
			isa = PBXShellScriptBuildPhase;
			buildActionMask = 2147483647;
			files = (
			);
			inputPaths = (
			);
			name = "[CP] Copy Pods Resources";
			outputPaths = (
			);
			runOnlyForDeploymentPostprocessing = 0;
			shellPath = /bin/sh;
			shellScript = "\"${SRCROOT}/Pods/Target Support Files/Pods-ZPImageresizerViewTests/Pods-ZPImageresizerViewTests-resources.sh\"\n";
			showEnvVarsInLog = 0;
		};
		9D59AEA887610BF7A784B70F /* [CP] Embed Pods Frameworks */ = {
			isa = PBXShellScriptBuildPhase;
			buildActionMask = 2147483647;
			files = (
			);
			inputPaths = (
			);
			name = "[CP] Embed Pods Frameworks";
			outputPaths = (
			);
			runOnlyForDeploymentPostprocessing = 0;
			shellPath = /bin/sh;
			shellScript = "\"${SRCROOT}/Pods/Target Support Files/Pods-ZPImageresizerViewTests/Pods-ZPImageresizerViewTests-frameworks.sh\"\n";
			showEnvVarsInLog = 0;
		};
		B4EFBA0F6F2196556545BFAF /* [CP] Check Pods Manifest.lock */ = {
			isa = PBXShellScriptBuildPhase;
			buildActionMask = 2147483647;
			files = (
			);
			inputPaths = (
				"${PODS_PODFILE_DIR_PATH}/Podfile.lock",
				"${PODS_ROOT}/Manifest.lock",
			);
			name = "[CP] Check Pods Manifest.lock";
			outputPaths = (
				"$(DERIVED_FILE_DIR)/Pods-ZPImageresizerView-checkManifestLockResult.txt",
			);
			runOnlyForDeploymentPostprocessing = 0;
			shellPath = /bin/sh;
			shellScript = "diff \"${PODS_PODFILE_DIR_PATH}/Podfile.lock\" \"${PODS_ROOT}/Manifest.lock\" > /dev/null\nif [ $? != 0 ] ; then\n    # print error to STDERR\n    echo \"error: The sandbox is not in sync with the Podfile.lock. Run 'pod install' or update your CocoaPods installation.\" >&2\n    exit 1\nfi\n# This output is used by Xcode 'outputs' to avoid re-running this script phase.\necho \"SUCCESS\" > \"${SCRIPT_OUTPUT_FILE_0}\"\n";
			showEnvVarsInLog = 0;
		};
		B98C46AC34DD2AC1A1CE47D5 /* [CP] Check Pods Manifest.lock */ = {
			isa = PBXShellScriptBuildPhase;
			buildActionMask = 2147483647;
			files = (
			);
			inputPaths = (
				"${PODS_PODFILE_DIR_PATH}/Podfile.lock",
				"${PODS_ROOT}/Manifest.lock",
			);
			name = "[CP] Check Pods Manifest.lock";
			outputPaths = (
				"$(DERIVED_FILE_DIR)/Pods-ZPImageresizerViewUITests-checkManifestLockResult.txt",
			);
			runOnlyForDeploymentPostprocessing = 0;
			shellPath = /bin/sh;
			shellScript = "diff \"${PODS_PODFILE_DIR_PATH}/Podfile.lock\" \"${PODS_ROOT}/Manifest.lock\" > /dev/null\nif [ $? != 0 ] ; then\n    # print error to STDERR\n    echo \"error: The sandbox is not in sync with the Podfile.lock. Run 'pod install' or update your CocoaPods installation.\" >&2\n    exit 1\nfi\n# This output is used by Xcode 'outputs' to avoid re-running this script phase.\necho \"SUCCESS\" > \"${SCRIPT_OUTPUT_FILE_0}\"\n";
			showEnvVarsInLog = 0;
		};
		E622D5F086D402E6F25F96E9 /* [CP] Check Pods Manifest.lock */ = {
			isa = PBXShellScriptBuildPhase;
			buildActionMask = 2147483647;
			files = (
			);
			inputPaths = (
				"${PODS_PODFILE_DIR_PATH}/Podfile.lock",
				"${PODS_ROOT}/Manifest.lock",
			);
			name = "[CP] Check Pods Manifest.lock";
			outputPaths = (
				"$(DERIVED_FILE_DIR)/Pods-ZPImageresizerViewTests-checkManifestLockResult.txt",
			);
			runOnlyForDeploymentPostprocessing = 0;
			shellPath = /bin/sh;
			shellScript = "diff \"${PODS_PODFILE_DIR_PATH}/Podfile.lock\" \"${PODS_ROOT}/Manifest.lock\" > /dev/null\nif [ $? != 0 ] ; then\n    # print error to STDERR\n    echo \"error: The sandbox is not in sync with the Podfile.lock. Run 'pod install' or update your CocoaPods installation.\" >&2\n    exit 1\nfi\n# This output is used by Xcode 'outputs' to avoid re-running this script phase.\necho \"SUCCESS\" > \"${SCRIPT_OUTPUT_FILE_0}\"\n";
			showEnvVarsInLog = 0;
		};
/* End PBXShellScriptBuildPhase section */

/* Begin PBXSourcesBuildPhase section */
		D0851FE02227E0F700D56AD4 /* Sources */ = {
			isa = PBXSourcesBuildPhase;
			buildActionMask = 2147483647;
			files = (
				D0851FEC2227E0F700D56AD4 /* ViewController.m in Sources */,
				D0851FF72227E0F800D56AD4 /* main.m in Sources */,
				D08520242227E35C00D56AD4 /* UIImage+ZPExtension.m in Sources */,
				D0851FE92227E0F700D56AD4 /* AppDelegate.m in Sources */,
				D08520262227E35C00D56AD4 /* ZPImageresizerFrameView.m in Sources */,
				D08520232227E35C00D56AD4 /* ZPImageresizerConfigure.m in Sources */,
				D08520252227E35C00D56AD4 /* ZPImageresizerView.m in Sources */,
			);
			runOnlyForDeploymentPostprocessing = 0;
		};
		D0851FF82227E0F800D56AD4 /* Sources */ = {
			isa = PBXSourcesBuildPhase;
			buildActionMask = 2147483647;
			files = (
				D08520012227E0F800D56AD4 /* ZPImageresizerViewTests.m in Sources */,
			);
			runOnlyForDeploymentPostprocessing = 0;
		};
		D08520032227E0F800D56AD4 /* Sources */ = {
			isa = PBXSourcesBuildPhase;
			buildActionMask = 2147483647;
			files = (
				D085200C2227E0F800D56AD4 /* ZPImageresizerViewUITests.m in Sources */,
			);
			runOnlyForDeploymentPostprocessing = 0;
		};
/* End PBXSourcesBuildPhase section */

/* Begin PBXTargetDependency section */
		D0851FFE2227E0F800D56AD4 /* PBXTargetDependency */ = {
			isa = PBXTargetDependency;
			target = D0851FE32227E0F700D56AD4 /* ZPImageresizerView */;
			targetProxy = D0851FFD2227E0F800D56AD4 /* PBXContainerItemProxy */;
		};
		D08520092227E0F800D56AD4 /* PBXTargetDependency */ = {
			isa = PBXTargetDependency;
			target = D0851FE32227E0F700D56AD4 /* ZPImageresizerView */;
			targetProxy = D08520082227E0F800D56AD4 /* PBXContainerItemProxy */;
		};
/* End PBXTargetDependency section */

/* Begin PBXVariantGroup section */
		D0851FED2227E0F700D56AD4 /* Main.storyboard */ = {
			isa = PBXVariantGroup;
			children = (
				D0851FEE2227E0F700D56AD4 /* Base */,
			);
			name = Main.storyboard;
			sourceTree = "<group>";
		};
		D0851FF22227E0F800D56AD4 /* LaunchScreen.storyboard */ = {
			isa = PBXVariantGroup;
			children = (
				D0851FF32227E0F800D56AD4 /* Base */,
			);
			name = LaunchScreen.storyboard;
			sourceTree = "<group>";
		};
/* End PBXVariantGroup section */

/* Begin XCBuildConfiguration section */
		D085200E2227E0F800D56AD4 /* Debug */ = {
			isa = XCBuildConfiguration;
			buildSettings = {
				ALWAYS_SEARCH_USER_PATHS = NO;
				CLANG_ANALYZER_NONNULL = YES;
				CLANG_ANALYZER_NUMBER_OBJECT_CONVERSION = YES_AGGRESSIVE;
				CLANG_CXX_LANGUAGE_STANDARD = "gnu++14";
				CLANG_CXX_LIBRARY = "libc++";
				CLANG_ENABLE_MODULES = YES;
				CLANG_ENABLE_OBJC_ARC = YES;
				CLANG_ENABLE_OBJC_WEAK = YES;
				CLANG_WARN_BLOCK_CAPTURE_AUTORELEASING = YES;
				CLANG_WARN_BOOL_CONVERSION = YES;
				CLANG_WARN_COMMA = YES;
				CLANG_WARN_CONSTANT_CONVERSION = YES;
				CLANG_WARN_DEPRECATED_OBJC_IMPLEMENTATIONS = YES;
				CLANG_WARN_DIRECT_OBJC_ISA_USAGE = YES_ERROR;
				CLANG_WARN_DOCUMENTATION_COMMENTS = YES;
				CLANG_WARN_EMPTY_BODY = YES;
				CLANG_WARN_ENUM_CONVERSION = YES;
				CLANG_WARN_INFINITE_RECURSION = YES;
				CLANG_WARN_INT_CONVERSION = YES;
				CLANG_WARN_NON_LITERAL_NULL_CONVERSION = YES;
				CLANG_WARN_OBJC_IMPLICIT_RETAIN_SELF = YES;
				CLANG_WARN_OBJC_LITERAL_CONVERSION = YES;
				CLANG_WARN_OBJC_ROOT_CLASS = YES_ERROR;
				CLANG_WARN_RANGE_LOOP_ANALYSIS = YES;
				CLANG_WARN_STRICT_PROTOTYPES = YES;
				CLANG_WARN_SUSPICIOUS_MOVE = YES;
				CLANG_WARN_UNGUARDED_AVAILABILITY = YES_AGGRESSIVE;
				CLANG_WARN_UNREACHABLE_CODE = YES;
				CLANG_WARN__DUPLICATE_METHOD_MATCH = YES;
				CODE_SIGN_IDENTITY = "iPhone Developer";
				COPY_PHASE_STRIP = NO;
				DEBUG_INFORMATION_FORMAT = dwarf;
				ENABLE_STRICT_OBJC_MSGSEND = YES;
				ENABLE_TESTABILITY = YES;
				GCC_C_LANGUAGE_STANDARD = gnu11;
				GCC_DYNAMIC_NO_PIC = NO;
				GCC_NO_COMMON_BLOCKS = YES;
				GCC_OPTIMIZATION_LEVEL = 0;
				GCC_PREPROCESSOR_DEFINITIONS = (
					"DEBUG=1",
					"$(inherited)",
				);
				GCC_WARN_64_TO_32_BIT_CONVERSION = YES;
				GCC_WARN_ABOUT_RETURN_TYPE = YES_ERROR;
				GCC_WARN_UNDECLARED_SELECTOR = YES;
				GCC_WARN_UNINITIALIZED_AUTOS = YES_AGGRESSIVE;
				GCC_WARN_UNUSED_FUNCTION = YES;
				GCC_WARN_UNUSED_VARIABLE = YES;
				IPHONEOS_DEPLOYMENT_TARGET = 12.1;
				MTL_ENABLE_DEBUG_INFO = INCLUDE_SOURCE;
				MTL_FAST_MATH = YES;
				ONLY_ACTIVE_ARCH = YES;
				SDKROOT = iphoneos;
			};
			name = Debug;
		};
		D085200F2227E0F800D56AD4 /* Release */ = {
			isa = XCBuildConfiguration;
			buildSettings = {
				ALWAYS_SEARCH_USER_PATHS = NO;
				CLANG_ANALYZER_NONNULL = YES;
				CLANG_ANALYZER_NUMBER_OBJECT_CONVERSION = YES_AGGRESSIVE;
				CLANG_CXX_LANGUAGE_STANDARD = "gnu++14";
				CLANG_CXX_LIBRARY = "libc++";
				CLANG_ENABLE_MODULES = YES;
				CLANG_ENABLE_OBJC_ARC = YES;
				CLANG_ENABLE_OBJC_WEAK = YES;
				CLANG_WARN_BLOCK_CAPTURE_AUTORELEASING = YES;
				CLANG_WARN_BOOL_CONVERSION = YES;
				CLANG_WARN_COMMA = YES;
				CLANG_WARN_CONSTANT_CONVERSION = YES;
				CLANG_WARN_DEPRECATED_OBJC_IMPLEMENTATIONS = YES;
				CLANG_WARN_DIRECT_OBJC_ISA_USAGE = YES_ERROR;
				CLANG_WARN_DOCUMENTATION_COMMENTS = YES;
				CLANG_WARN_EMPTY_BODY = YES;
				CLANG_WARN_ENUM_CONVERSION = YES;
				CLANG_WARN_INFINITE_RECURSION = YES;
				CLANG_WARN_INT_CONVERSION = YES;
				CLANG_WARN_NON_LITERAL_NULL_CONVERSION = YES;
				CLANG_WARN_OBJC_IMPLICIT_RETAIN_SELF = YES;
				CLANG_WARN_OBJC_LITERAL_CONVERSION = YES;
				CLANG_WARN_OBJC_ROOT_CLASS = YES_ERROR;
				CLANG_WARN_RANGE_LOOP_ANALYSIS = YES;
				CLANG_WARN_STRICT_PROTOTYPES = YES;
				CLANG_WARN_SUSPICIOUS_MOVE = YES;
				CLANG_WARN_UNGUARDED_AVAILABILITY = YES_AGGRESSIVE;
				CLANG_WARN_UNREACHABLE_CODE = YES;
				CLANG_WARN__DUPLICATE_METHOD_MATCH = YES;
				CODE_SIGN_IDENTITY = "iPhone Developer";
				COPY_PHASE_STRIP = NO;
				DEBUG_INFORMATION_FORMAT = "dwarf-with-dsym";
				ENABLE_NS_ASSERTIONS = NO;
				ENABLE_STRICT_OBJC_MSGSEND = YES;
				GCC_C_LANGUAGE_STANDARD = gnu11;
				GCC_NO_COMMON_BLOCKS = YES;
				GCC_WARN_64_TO_32_BIT_CONVERSION = YES;
				GCC_WARN_ABOUT_RETURN_TYPE = YES_ERROR;
				GCC_WARN_UNDECLARED_SELECTOR = YES;
				GCC_WARN_UNINITIALIZED_AUTOS = YES_AGGRESSIVE;
				GCC_WARN_UNUSED_FUNCTION = YES;
				GCC_WARN_UNUSED_VARIABLE = YES;
				IPHONEOS_DEPLOYMENT_TARGET = 12.1;
				MTL_ENABLE_DEBUG_INFO = NO;
				MTL_FAST_MATH = YES;
				SDKROOT = iphoneos;
				VALIDATE_PRODUCT = YES;
			};
			name = Release;
		};
		D08520112227E0F800D56AD4 /* Debug */ = {
			isa = XCBuildConfiguration;
			baseConfigurationReference = B13328197A1DE2BC36C82278 /* Pods-ZPImageresizerView.debug.xcconfig */;
			buildSettings = {
				ASSETCATALOG_COMPILER_APPICON_NAME = AppIcon;
				CODE_SIGN_STYLE = Automatic;
				DEVELOPMENT_TEAM = TNLSTR73NT;
				INFOPLIST_FILE = ZPImageresizerView/Info.plist;
				LD_RUNPATH_SEARCH_PATHS = (
					"$(inherited)",
					"@executable_path/Frameworks",
				);
				PRODUCT_BUNDLE_IDENTIFIER = justin.ZPImageresizerView;
				PRODUCT_NAME = "$(TARGET_NAME)";
				TARGETED_DEVICE_FAMILY = "1,2";
			};
			name = Debug;
		};
		D08520122227E0F800D56AD4 /* Release */ = {
			isa = XCBuildConfiguration;
			baseConfigurationReference = 8D5A807678AB6A1A5D2AD232 /* Pods-ZPImageresizerView.release.xcconfig */;
			buildSettings = {
				ASSETCATALOG_COMPILER_APPICON_NAME = AppIcon;
				CODE_SIGN_STYLE = Automatic;
				DEVELOPMENT_TEAM = TNLSTR73NT;
				INFOPLIST_FILE = ZPImageresizerView/Info.plist;
				LD_RUNPATH_SEARCH_PATHS = (
					"$(inherited)",
					"@executable_path/Frameworks",
				);
				PRODUCT_BUNDLE_IDENTIFIER = justin.ZPImageresizerView;
				PRODUCT_NAME = "$(TARGET_NAME)";
				TARGETED_DEVICE_FAMILY = "1,2";
			};
			name = Release;
		};
		D08520142227E0F800D56AD4 /* Debug */ = {
			isa = XCBuildConfiguration;
			baseConfigurationReference = CA4E452FC946E8A015D38EC7 /* Pods-ZPImageresizerViewTests.debug.xcconfig */;
			buildSettings = {
				BUNDLE_LOADER = "$(TEST_HOST)";
				CODE_SIGN_STYLE = Automatic;
				DEVELOPMENT_TEAM = TNLSTR73NT;
				INFOPLIST_FILE = ZPImageresizerViewTests/Info.plist;
				LD_RUNPATH_SEARCH_PATHS = (
					"$(inherited)",
					"@executable_path/Frameworks",
					"@loader_path/Frameworks",
				);
				PRODUCT_BUNDLE_IDENTIFIER = justin.ZPImageresizerViewTests;
				PRODUCT_NAME = "$(TARGET_NAME)";
				TARGETED_DEVICE_FAMILY = "1,2";
				TEST_HOST = "$(BUILT_PRODUCTS_DIR)/ZPImageresizerView.app/ZPImageresizerView";
			};
			name = Debug;
		};
		D08520152227E0F800D56AD4 /* Release */ = {
			isa = XCBuildConfiguration;
			baseConfigurationReference = BDEB37972C5092C745745D8B /* Pods-ZPImageresizerViewTests.release.xcconfig */;
			buildSettings = {
				BUNDLE_LOADER = "$(TEST_HOST)";
				CODE_SIGN_STYLE = Automatic;
				DEVELOPMENT_TEAM = TNLSTR73NT;
				INFOPLIST_FILE = ZPImageresizerViewTests/Info.plist;
				LD_RUNPATH_SEARCH_PATHS = (
					"$(inherited)",
					"@executable_path/Frameworks",
					"@loader_path/Frameworks",
				);
				PRODUCT_BUNDLE_IDENTIFIER = justin.ZPImageresizerViewTests;
				PRODUCT_NAME = "$(TARGET_NAME)";
				TARGETED_DEVICE_FAMILY = "1,2";
				TEST_HOST = "$(BUILT_PRODUCTS_DIR)/ZPImageresizerView.app/ZPImageresizerView";
			};
			name = Release;
		};
		D08520172227E0F800D56AD4 /* Debug */ = {
			isa = XCBuildConfiguration;
			baseConfigurationReference = 7BB287DF5D61BE5669ABB8F8 /* Pods-ZPImageresizerViewUITests.debug.xcconfig */;
			buildSettings = {
				CODE_SIGN_STYLE = Automatic;
				DEVELOPMENT_TEAM = TNLSTR73NT;
				INFOPLIST_FILE = ZPImageresizerViewUITests/Info.plist;
				LD_RUNPATH_SEARCH_PATHS = (
					"$(inherited)",
					"@executable_path/Frameworks",
					"@loader_path/Frameworks",
				);
				PRODUCT_BUNDLE_IDENTIFIER = justin.ZPImageresizerViewUITests;
				PRODUCT_NAME = "$(TARGET_NAME)";
				TARGETED_DEVICE_FAMILY = "1,2";
				TEST_TARGET_NAME = ZPImageresizerView;
			};
			name = Debug;
		};
		D08520182227E0F800D56AD4 /* Release */ = {
			isa = XCBuildConfiguration;
			baseConfigurationReference = 5BBB8620CD362BB659217D03 /* Pods-ZPImageresizerViewUITests.release.xcconfig */;
			buildSettings = {
				CODE_SIGN_STYLE = Automatic;
				DEVELOPMENT_TEAM = TNLSTR73NT;
				INFOPLIST_FILE = ZPImageresizerViewUITests/Info.plist;
				LD_RUNPATH_SEARCH_PATHS = (
					"$(inherited)",
					"@executable_path/Frameworks",
					"@loader_path/Frameworks",
				);
				PRODUCT_BUNDLE_IDENTIFIER = justin.ZPImageresizerViewUITests;
				PRODUCT_NAME = "$(TARGET_NAME)";
				TARGETED_DEVICE_FAMILY = "1,2";
				TEST_TARGET_NAME = ZPImageresizerView;
			};
			name = Release;
		};
/* End XCBuildConfiguration section */

/* Begin XCConfigurationList section */
		D0851FDF2227E0F700D56AD4 /* Build configuration list for PBXProject "ZPImageresizerView" */ = {
			isa = XCConfigurationList;
			buildConfigurations = (
				D085200E2227E0F800D56AD4 /* Debug */,
				D085200F2227E0F800D56AD4 /* Release */,
			);
			defaultConfigurationIsVisible = 0;
			defaultConfigurationName = Release;
		};
		D08520102227E0F800D56AD4 /* Build configuration list for PBXNativeTarget "ZPImageresizerView" */ = {
			isa = XCConfigurationList;
			buildConfigurations = (
				D08520112227E0F800D56AD4 /* Debug */,
				D08520122227E0F800D56AD4 /* Release */,
			);
			defaultConfigurationIsVisible = 0;
			defaultConfigurationName = Release;
		};
		D08520132227E0F800D56AD4 /* Build configuration list for PBXNativeTarget "ZPImageresizerViewTests" */ = {
			isa = XCConfigurationList;
			buildConfigurations = (
				D08520142227E0F800D56AD4 /* Debug */,
				D08520152227E0F800D56AD4 /* Release */,
			);
			defaultConfigurationIsVisible = 0;
			defaultConfigurationName = Release;
		};
		D08520162227E0F800D56AD4 /* Build configuration list for PBXNativeTarget "ZPImageresizerViewUITests" */ = {
			isa = XCConfigurationList;
			buildConfigurations = (
				D08520172227E0F800D56AD4 /* Debug */,
				D08520182227E0F800D56AD4 /* Release */,
			);
			defaultConfigurationIsVisible = 0;
			defaultConfigurationName = Release;
		};
/* End XCConfigurationList section */
	};
	rootObject = D0851FDC2227E0F700D56AD4 /* Project object */;
}
